
Microsoft Visual Studio Solution File, Format Version 12.00
# Visual Studio Version 17
VisualStudioVersion = 17.8.34322.80
MinimumVisualStudioVersion = 10.0.40219.1
Project("{9A19103F-16F7-4668-BE54-9A1E7A4F7556}") = "Day01", "Day01\Day01.csproj", "{2F2BD725-EDE0-401F-9FAD-8F7E827D6D07}"
EndProject
Project("{9A19103F-16F7-4668-BE54-9A1E7A4F7556}") = "Day02", "Day02\Day02.csproj", "{F2B35478-857B-49F1-A8AD-B74D6A177170}"
EndProject
Project("{9A19103F-16F7-4668-BE54-9A1E7A4F7556}") = "Day03", "Day03\Day03.csproj", "{D041B2FB-6070-4253-9571-EA454A3719FC}"
EndProject
Project("{9A19103F-16F7-4668-BE54-9A1E7A4F7556}") = "Day04", "Day04\Day04.csproj", "{7A82A22B-06D6-4DBF-9541-E46F589847C4}"
EndProject
Project("{9A19103F-16F7-4668-BE54-9A1E7A4F7556}") = "Day05", "Day05\Day05.csproj", "{01CCB370-930D-4E2F-8B41-C799641A486E}"
EndProject
Project("{9A19103F-16F7-4668-BE54-9A1E7A4F7556}") = "Day06", "Day06\Day06.csproj", "{3386E08D-1C0C-49E3-8E72-092A61CD02C4}"
EndProject
Project("{9A19103F-16F7-4668-BE54-9A1E7A4F7556}") = "Day07", "Day07\Day07.csproj", "{B1462055-03C3-4469-A41D-0391DED17534}"
EndProject
Project("{9A19103F-16F7-4668-BE54-9A1E7A4F7556}") = "Day08", "Day08\Day08.csproj", "{05F89C0C-5D17-42E8-BA90-A7AAC47999BA}"
EndProject
Project("{9A19103F-16F7-4668-BE54-9A1E7A4F7556}") = "Day09", "Day09\Day09.csproj", "{ADE32525-AACD-44C5-8CE0-43C1ACF37FC8}"
EndProject
Project("{9A19103F-16F7-4668-BE54-9A1E7A4F7556}") = "Day10", "Day10\Day10.csproj", "{C96C210B-51C4-42EB-BCE0-1C81DAA99633}"
EndProject
Project("{9A19103F-16F7-4668-BE54-9A1E7A4F7556}") = "Day11", "Day11\Day11.csproj", "{5D548630-D02A-454D-87FE-D083307DE521}"
EndProject
Project("{FAE04EC0-301F-11D3-BF4B-00C04F79EFBC}") = "Day12", "Day12\Day12.csproj", "{6F4E91A2-7BAD-206D-BAD6-4A5318FC153C}"
EndProject
Project("{FAE04EC0-301F-11D3-BF4B-00C04F79EFBC}") = "Day13", "Day13\Day13.csproj", "{B30492FF-7203-3EAC-B254-D60A0DAC7354}"
EndProject
Project("{FAE04EC0-301F-11D3-BF4B-00C04F79EFBC}") = "Day14", "Day14\Day14.csproj", "{869F3FAB-C35C-BFD4-15DF-615E79D383CE}"
EndProject
Project("{FAE04EC0-301F-11D3-BF4B-00C04F79EFBC}") = "Day15", "Day15\Day15.csproj", "{CDDAEC7F-2888-A7DB-FD47-676BC129DFA7}"
EndProject
Project("{FAE04EC0-301F-11D3-BF4B-00C04F79EFBC}") = "Day16", "Day16\Day16.csproj", "{3BD32BA8-7D20-B423-51CF-333F1F6C1806}"
EndProject
Project("{FAE04EC0-301F-11D3-BF4B-00C04F79EFBC}") = "Day17", "Day17\Day17.csproj", "{C93DE6CD-DAC0-B277-4EDB-333E512F14DC}"
EndProject
Project("{FAE04EC0-301F-11D3-BF4B-00C04F79EFBC}") = "Day18", "Day18\Day18.csproj", "{DDCE1826-4A0F-CCF9-4168-11F4A72C04F3}"
EndProject
Project("{FAE04EC0-301F-11D3-BF4B-00C04F79EFBC}") = "Day19", "Day19\Day19.csproj", "{EFCCE1BB-80E3-776F-A48B-E99E483717C5}"
EndProject
Global
	GlobalSection(SolutionConfigurationPlatforms) = preSolution
		Debug|Any CPU = Debug|Any CPU
		Release|Any CPU = Release|Any CPU
	EndGlobalSection
	GlobalSection(ProjectConfigurationPlatforms) = postSolution
		{2F2BD725-EDE0-401F-9FAD-8F7E827D6D07}.Debug|Any CPU.ActiveCfg = Debug|Any CPU
		{2F2BD725-EDE0-401F-9FAD-8F7E827D6D07}.Debug|Any CPU.Build.0 = Debug|Any CPU
		{2F2BD725-EDE0-401F-9FAD-8F7E827D6D07}.Release|Any CPU.ActiveCfg = Release|Any CPU
		{2F2BD725-EDE0-401F-9FAD-8F7E827D6D07}.Release|Any CPU.Build.0 = Release|Any CPU
		{F2B35478-857B-49F1-A8AD-B74D6A177170}.Debug|Any CPU.ActiveCfg = Debug|Any CPU
		{F2B35478-857B-49F1-A8AD-B74D6A177170}.Debug|Any CPU.Build.0 = Debug|Any CPU
		{F2B35478-857B-49F1-A8AD-B74D6A177170}.Release|Any CPU.ActiveCfg = Release|Any CPU
		{F2B35478-857B-49F1-A8AD-B74D6A177170}.Release|Any CPU.Build.0 = Release|Any CPU
		{D041B2FB-6070-4253-9571-EA454A3719FC}.Debug|Any CPU.ActiveCfg = Debug|Any CPU
		{D041B2FB-6070-4253-9571-EA454A3719FC}.Debug|Any CPU.Build.0 = Debug|Any CPU
		{D041B2FB-6070-4253-9571-EA454A3719FC}.Release|Any CPU.ActiveCfg = Release|Any CPU
		{D041B2FB-6070-4253-9571-EA454A3719FC}.Release|Any CPU.Build.0 = Release|Any CPU
		{7A82A22B-06D6-4DBF-9541-E46F589847C4}.Debug|Any CPU.ActiveCfg = Debug|Any CPU
		{7A82A22B-06D6-4DBF-9541-E46F589847C4}.Debug|Any CPU.Build.0 = Debug|Any CPU
		{7A82A22B-06D6-4DBF-9541-E46F589847C4}.Release|Any CPU.ActiveCfg = Release|Any CPU
		{7A82A22B-06D6-4DBF-9541-E46F589847C4}.Release|Any CPU.Build.0 = Release|Any CPU
		{01CCB370-930D-4E2F-8B41-C799641A486E}.Debug|Any CPU.ActiveCfg = Debug|Any CPU
		{01CCB370-930D-4E2F-8B41-C799641A486E}.Debug|Any CPU.Build.0 = Debug|Any CPU
		{01CCB370-930D-4E2F-8B41-C799641A486E}.Release|Any CPU.ActiveCfg = Release|Any CPU
		{01CCB370-930D-4E2F-8B41-C799641A486E}.Release|Any CPU.Build.0 = Release|Any CPU
		{3386E08D-1C0C-49E3-8E72-092A61CD02C4}.Debug|Any CPU.ActiveCfg = Debug|Any CPU
		{3386E08D-1C0C-49E3-8E72-092A61CD02C4}.Debug|Any CPU.Build.0 = Debug|Any CPU
		{3386E08D-1C0C-49E3-8E72-092A61CD02C4}.Release|Any CPU.ActiveCfg = Release|Any CPU
		{3386E08D-1C0C-49E3-8E72-092A61CD02C4}.Release|Any CPU.Build.0 = Release|Any CPU
		{B1462055-03C3-4469-A41D-0391DED17534}.Debug|Any CPU.ActiveCfg = Debug|Any CPU
		{B1462055-03C3-4469-A41D-0391DED17534}.Debug|Any CPU.Build.0 = Debug|Any CPU
		{B1462055-03C3-4469-A41D-0391DED17534}.Release|Any CPU.ActiveCfg = Release|Any CPU
		{B1462055-03C3-4469-A41D-0391DED17534}.Release|Any CPU.Build.0 = Release|Any CPU
		{05F89C0C-5D17-42E8-BA90-A7AAC47999BA}.Debug|Any CPU.ActiveCfg = Debug|Any CPU
		{05F89C0C-5D17-42E8-BA90-A7AAC47999BA}.Debug|Any CPU.Build.0 = Debug|Any CPU
		{05F89C0C-5D17-42E8-BA90-A7AAC47999BA}.Release|Any CPU.ActiveCfg = Release|Any CPU
		{05F89C0C-5D17-42E8-BA90-A7AAC47999BA}.Release|Any CPU.Build.0 = Release|Any CPU
		{ADE32525-AACD-44C5-8CE0-43C1ACF37FC8}.Debug|Any CPU.ActiveCfg = Debug|Any CPU
		{ADE32525-AACD-44C5-8CE0-43C1ACF37FC8}.Debug|Any CPU.Build.0 = Debug|Any CPU
		{ADE32525-AACD-44C5-8CE0-43C1ACF37FC8}.Release|Any CPU.ActiveCfg = Release|Any CPU
		{ADE32525-AACD-44C5-8CE0-43C1ACF37FC8}.Release|Any CPU.Build.0 = Release|Any CPU
		{C96C210B-51C4-42EB-BCE0-1C81DAA99633}.Debug|Any CPU.ActiveCfg = Debug|Any CPU
		{C96C210B-51C4-42EB-BCE0-1C81DAA99633}.Debug|Any CPU.Build.0 = Debug|Any CPU
		{C96C210B-51C4-42EB-BCE0-1C81DAA99633}.Release|Any CPU.ActiveCfg = Release|Any CPU
		{C96C210B-51C4-42EB-BCE0-1C81DAA99633}.Release|Any CPU.Build.0 = Release|Any CPU
		{5D548630-D02A-454D-87FE-D083307DE521}.Debug|Any CPU.ActiveCfg = Debug|Any CPU
		{5D548630-D02A-454D-87FE-D083307DE521}.Debug|Any CPU.Build.0 = Debug|Any CPU
		{5D548630-D02A-454D-87FE-D083307DE521}.Release|Any CPU.ActiveCfg = Release|Any CPU
		{5D548630-D02A-454D-87FE-D083307DE521}.Release|Any CPU.Build.0 = Release|Any CPU
		{6F4E91A2-7BAD-206D-BAD6-4A5318FC153C}.Debug|Any CPU.ActiveCfg = Debug|Any CPU
		{6F4E91A2-7BAD-206D-BAD6-4A5318FC153C}.Debug|Any CPU.Build.0 = Debug|Any CPU
		{6F4E91A2-7BAD-206D-BAD6-4A5318FC153C}.Release|Any CPU.ActiveCfg = Release|Any CPU
		{6F4E91A2-7BAD-206D-BAD6-4A5318FC153C}.Release|Any CPU.Build.0 = Release|Any CPU
		{B30492FF-7203-3EAC-B254-D60A0DAC7354}.Debug|Any CPU.ActiveCfg = Debug|Any CPU
		{B30492FF-7203-3EAC-B254-D60A0DAC7354}.Debug|Any CPU.Build.0 = Debug|Any CPU
		{B30492FF-7203-3EAC-B254-D60A0DAC7354}.Release|Any CPU.ActiveCfg = Release|Any CPU
		{B30492FF-7203-3EAC-B254-D60A0DAC7354}.Release|Any CPU.Build.0 = Release|Any CPU
		{869F3FAB-C35C-BFD4-15DF-615E79D383CE}.Debug|Any CPU.ActiveCfg = Debug|Any CPU
		{869F3FAB-C35C-BFD4-15DF-615E79D383CE}.Debug|Any CPU.Build.0 = Debug|Any CPU
		{869F3FAB-C35C-BFD4-15DF-615E79D383CE}.Release|Any CPU.ActiveCfg = Release|Any CPU
		{869F3FAB-C35C-BFD4-15DF-615E79D383CE}.Release|Any CPU.Build.0 = Release|Any CPU
		{CDDAEC7F-2888-A7DB-FD47-676BC129DFA7}.Debug|Any CPU.ActiveCfg = Debug|Any CPU
		{CDDAEC7F-2888-A7DB-FD47-676BC129DFA7}.Debug|Any CPU.Build.0 = Debug|Any CPU
		{CDDAEC7F-2888-A7DB-FD47-676BC129DFA7}.Release|Any CPU.ActiveCfg = Release|Any CPU
		{CDDAEC7F-2888-A7DB-FD47-676BC129DFA7}.Release|Any CPU.Build.0 = Release|Any CPU
		{3BD32BA8-7D20-B423-51CF-333F1F6C1806}.Debug|Any CPU.ActiveCfg = Debug|Any CPU
		{3BD32BA8-7D20-B423-51CF-333F1F6C1806}.Debug|Any CPU.Build.0 = Debug|Any CPU
		{3BD32BA8-7D20-B423-51CF-333F1F6C1806}.Release|Any CPU.ActiveCfg = Release|Any CPU
		{3BD32BA8-7D20-B423-51CF-333F1F6C1806}.Release|Any CPU.Build.0 = Release|Any CPU
		{C93DE6CD-DAC0-B277-4EDB-333E512F14DC}.Debug|Any CPU.ActiveCfg = Debug|Any CPU
		{C93DE6CD-DAC0-B277-4EDB-333E512F14DC}.Debug|Any CPU.Build.0 = Debug|Any CPU
		{C93DE6CD-DAC0-B277-4EDB-333E512F14DC}.Release|Any CPU.ActiveCfg = Release|Any CPU
		{C93DE6CD-DAC0-B277-4EDB-333E512F14DC}.Release|Any CPU.Build.0 = Release|Any CPU
		{DDCE1826-4A0F-CCF9-4168-11F4A72C04F3}.Debug|Any CPU.ActiveCfg = Debug|Any CPU
		{DDCE1826-4A0F-CCF9-4168-11F4A72C04F3}.Debug|Any CPU.Build.0 = Debug|Any CPU
		{DDCE1826-4A0F-CCF9-4168-11F4A72C04F3}.Release|Any CPU.ActiveCfg = Release|Any CPU
		{DDCE1826-4A0F-CCF9-4168-11F4A72C04F3}.Release|Any CPU.Build.0 = Release|Any CPU
		{EFCCE1BB-80E3-776F-A48B-E99E483717C5}.Debug|Any CPU.ActiveCfg = Debug|Any CPU
		{EFCCE1BB-80E3-776F-A48B-E99E483717C5}.Debug|Any CPU.Build.0 = Debug|Any CPU
		{EFCCE1BB-80E3-776F-A48B-E99E483717C5}.Release|Any CPU.ActiveCfg = Release|Any CPU
		{EFCCE1BB-80E3-776F-A48B-E99E483717C5}.Release|Any CPU.Build.0 = Release|Any CPU
	EndGlobalSection
	GlobalSection(SolutionProperties) = preSolution
		HideSolutionNode = FALSE
	EndGlobalSection
	GlobalSection(ExtensibilityGlobals) = postSolution
		SolutionGuid = {9AA3C185-141C-45FD-BBD1-6B27A3B0A57C}
	EndGlobalSection
EndGlobal
